
Microsoft Visual Studio Solution File, Format Version 12.00
# Visual Studio Version 16
VisualStudioVersion = 16.0.29709.97
MinimumVisualStudioVersion = 10.0.40219.1
Project("{FAE04EC0-301F-11D3-BF4B-00C04F79EFBC}") = "DriversOnly.Client.net", "DriversOnly.Client.net\DriversOnly.Client.net.csproj", "{6F56528D-2492-40F6-8A01-1722EA49DE43}"
EndProject
Global
	GlobalSection(SolutionConfigurationPlatforms) = preSolution
		Debug|Any CPU = Debug|Any CPU
		Release|Any CPU = Release|Any CPU
	EndGlobalSection
	GlobalSection(ProjectConfigurationPlatforms) = postSolution
		{6F56528D-2492-40F6-8A01-1722EA49DE43}.Debug|Any CPU.ActiveCfg = Debug|Any CPU
		{6F56528D-2492-40F6-8A01-1722EA49DE43}.Debug|Any CPU.Build.0 = Debug|Any CPU
		{6F56528D-2492-40F6-8A01-1722EA49DE43}.Release|Any CPU.ActiveCfg = Release|Any CPU
		{6F56528D-2492-40F6-8A01-1722EA49DE43}.Release|Any CPU.Build.0 = Release|Any CPU
	EndGlobalSection
	GlobalSection(SolutionProperties) = preSolution
		HideSolutionNode = FALSE
	EndGlobalSection
	GlobalSection(ExtensibilityGlobals) = postSolution
		SolutionGuid = {F9CB8559-51A4-4175-A684-A1F95B4AE933}
	EndGlobalSection
EndGlobal
