
Microsoft Visual Studio Solution File, Format Version 12.00
# Visual Studio Version 16
VisualStudioVersion = 16.0.29709.97
MinimumVisualStudioVersion = 10.0.40219.1
Project("{FAE04EC0-301F-11D3-BF4B-00C04F79EFBC}") = "WhiteList.Server.net", "WhiteList.Server.net\WhiteList.Server.net.csproj", "{25E2E667-CC1E-4490-9317-0D74CBBBD8E1}"
EndProject
Project("{FAE04EC0-301F-11D3-BF4B-00C04F79EFBC}") = "WhiteList.Client.net", "WhiteList.Client.net\WhiteList.Client.net.csproj", "{B1CAB7CC-6D90-4DB8-A4ED-AB7EC19776F0}"
EndProject
Global
	GlobalSection(SolutionConfigurationPlatforms) = preSolution
		Debug|Any CPU = Debug|Any CPU
		Release|Any CPU = Release|Any CPU
	EndGlobalSection
	GlobalSection(ProjectConfigurationPlatforms) = postSolution
		{25E2E667-CC1E-4490-9317-0D74CBBBD8E1}.Debug|Any CPU.ActiveCfg = Debug|Any CPU
		{25E2E667-CC1E-4490-9317-0D74CBBBD8E1}.Debug|Any CPU.Build.0 = Debug|Any CPU
		{25E2E667-CC1E-4490-9317-0D74CBBBD8E1}.Release|Any CPU.ActiveCfg = Release|Any CPU
		{25E2E667-CC1E-4490-9317-0D74CBBBD8E1}.Release|Any CPU.Build.0 = Release|Any CPU
		{B1CAB7CC-6D90-4DB8-A4ED-AB7EC19776F0}.Debug|Any CPU.ActiveCfg = Debug|Any CPU
		{B1CAB7CC-6D90-4DB8-A4ED-AB7EC19776F0}.Debug|Any CPU.Build.0 = Debug|Any CPU
		{B1CAB7CC-6D90-4DB8-A4ED-AB7EC19776F0}.Release|Any CPU.ActiveCfg = Release|Any CPU
		{B1CAB7CC-6D90-4DB8-A4ED-AB7EC19776F0}.Release|Any CPU.Build.0 = Release|Any CPU
	EndGlobalSection
	GlobalSection(SolutionProperties) = preSolution
		HideSolutionNode = FALSE
	EndGlobalSection
	GlobalSection(ExtensibilityGlobals) = postSolution
		SolutionGuid = {147C35D3-AB3E-4C53-B0AB-A1BF5D4AC7C8}
	EndGlobalSection
EndGlobal
