
Microsoft Visual Studio Solution File, Format Version 12.00
# Visual Studio Version 16
VisualStudioVersion = 16.0.29709.97
MinimumVisualStudioVersion = 10.0.40219.1
Project("{FAE04EC0-301F-11D3-BF4B-00C04F79EFBC}") = "CapturePoints.Server.net", "CapturePoints.Server.net\CapturePoints.Server.net.csproj", "{E33A7CD3-E967-436F-A3C0-157AF0A40602}"
EndProject
Project("{FAE04EC0-301F-11D3-BF4B-00C04F79EFBC}") = "CapturePoints.Client.net", "CapturePoints.Client.net\CapturePoints.Client.net.csproj", "{FB863079-F1FE-4BA9-A602-D77A40D64038}"
EndProject
Global
	GlobalSection(SolutionConfigurationPlatforms) = preSolution
		Debug|Any CPU = Debug|Any CPU
		Release|Any CPU = Release|Any CPU
	EndGlobalSection
	GlobalSection(ProjectConfigurationPlatforms) = postSolution
		{E33A7CD3-E967-436F-A3C0-157AF0A40602}.Debug|Any CPU.ActiveCfg = Debug|Any CPU
		{E33A7CD3-E967-436F-A3C0-157AF0A40602}.Debug|Any CPU.Build.0 = Debug|Any CPU
		{E33A7CD3-E967-436F-A3C0-157AF0A40602}.Release|Any CPU.ActiveCfg = Release|Any CPU
		{E33A7CD3-E967-436F-A3C0-157AF0A40602}.Release|Any CPU.Build.0 = Release|Any CPU
		{FB863079-F1FE-4BA9-A602-D77A40D64038}.Debug|Any CPU.ActiveCfg = Debug|Any CPU
		{FB863079-F1FE-4BA9-A602-D77A40D64038}.Debug|Any CPU.Build.0 = Debug|Any CPU
		{FB863079-F1FE-4BA9-A602-D77A40D64038}.Release|Any CPU.ActiveCfg = Release|Any CPU
		{FB863079-F1FE-4BA9-A602-D77A40D64038}.Release|Any CPU.Build.0 = Release|Any CPU
	EndGlobalSection
	GlobalSection(SolutionProperties) = preSolution
		HideSolutionNode = FALSE
	EndGlobalSection
	GlobalSection(ExtensibilityGlobals) = postSolution
		SolutionGuid = {FC3E154E-0D93-4A63-B350-14FB1FD684D5}
	EndGlobalSection
EndGlobal
