
Microsoft Visual Studio Solution File, Format Version 12.00
# Visual Studio Version 16
VisualStudioVersion = 16.0.29709.97
MinimumVisualStudioVersion = 10.0.40219.1
Project("{FAE04EC0-301F-11D3-BF4B-00C04F79EFBC}") = "Enviroment.Client.net", "Enviroment.net\Enviroment.Client.net.csproj", "{2E4E1FFE-39BE-42A4-A7FB-AACD7ADF08B8}"
EndProject
Global
	GlobalSection(SolutionConfigurationPlatforms) = preSolution
		Debug|Any CPU = Debug|Any CPU
		Release|Any CPU = Release|Any CPU
	EndGlobalSection
	GlobalSection(ProjectConfigurationPlatforms) = postSolution
		{2E4E1FFE-39BE-42A4-A7FB-AACD7ADF08B8}.Debug|Any CPU.ActiveCfg = Debug|Any CPU
		{2E4E1FFE-39BE-42A4-A7FB-AACD7ADF08B8}.Debug|Any CPU.Build.0 = Debug|Any CPU
		{2E4E1FFE-39BE-42A4-A7FB-AACD7ADF08B8}.Release|Any CPU.ActiveCfg = Release|Any CPU
		{2E4E1FFE-39BE-42A4-A7FB-AACD7ADF08B8}.Release|Any CPU.Build.0 = Release|Any CPU
	EndGlobalSection
	GlobalSection(SolutionProperties) = preSolution
		HideSolutionNode = FALSE
	EndGlobalSection
	GlobalSection(ExtensibilityGlobals) = postSolution
		SolutionGuid = {8F68A4BB-8C1C-452C-81E8-ECC53470427A}
	EndGlobalSection
EndGlobal
