
Microsoft Visual Studio Solution File, Format Version 12.00
# Visual Studio Version 16
VisualStudioVersion = 16.0.29709.97
MinimumVisualStudioVersion = 10.0.40219.1
Project("{FAE04EC0-301F-11D3-BF4B-00C04F79EFBC}") = "Recoil.Client.net", "Recoil.Client.net\Recoil.Client.net.csproj", "{95E83D6C-7A9F-4323-A8B6-74B89B1D6B85}"
EndProject
Global
	GlobalSection(SolutionConfigurationPlatforms) = preSolution
		Debug|Any CPU = Debug|Any CPU
		Release|Any CPU = Release|Any CPU
	EndGlobalSection
	GlobalSection(ProjectConfigurationPlatforms) = postSolution
		{95E83D6C-7A9F-4323-A8B6-74B89B1D6B85}.Debug|Any CPU.ActiveCfg = Debug|Any CPU
		{95E83D6C-7A9F-4323-A8B6-74B89B1D6B85}.Debug|Any CPU.Build.0 = Debug|Any CPU
		{95E83D6C-7A9F-4323-A8B6-74B89B1D6B85}.Release|Any CPU.ActiveCfg = Release|Any CPU
		{95E83D6C-7A9F-4323-A8B6-74B89B1D6B85}.Release|Any CPU.Build.0 = Release|Any CPU
	EndGlobalSection
	GlobalSection(SolutionProperties) = preSolution
		HideSolutionNode = FALSE
	EndGlobalSection
	GlobalSection(ExtensibilityGlobals) = postSolution
		SolutionGuid = {378FD79C-5B76-4D79-B533-E8873B1E7DAD}
	EndGlobalSection
EndGlobal
